
Microsoft Visual Studio Solution File, Format Version 12.00
# Visual Studio Version 17
VisualStudioVersion = 17.12.35707.178 d17.12
MinimumVisualStudioVersion = 10.0.40219.1
Project("{8BC9CEB8-8B4A-11D0-8D11-00A0C91BC942}") = "MyCpp.HelloWorld", "MyCpp.HelloWorld\MyCpp.HelloWorld.vcxproj", "{3867DFA4-C146-4B7D-9F99-9BFB59E6A928}"
EndProject
Project("{8BC9CEB8-8B4A-11D0-8D11-00A0C91BC942}") = "MyCpp.Variables", "MyCpp.Variables\MyCpp.Variables.vcxproj", "{E0AC44F5-B9D3-4899-9930-E56A003F4F96}"
EndProject
Project("{8BC9CEB8-8B4A-11D0-8D11-00A0C91BC942}") = "MyCpp.MathExpressions", "MyCpp.MathExpressions\MyCpp.MathExpressions.vcxproj", "{FB5ABD40-F97D-43F3-A710-C17E9780FA32}"
EndProject
Project("{8BC9CEB8-8B4A-11D0-8D11-00A0C91BC942}") = "MyCpp.ConsoleOutput", "MyCpp.ConsoleOutput\MyCpp.ConsoleOutput.vcxproj", "{2EC42422-A433-4D8F-87CA-88D9CC01C7B8}"
EndProject
Project("{8BC9CEB8-8B4A-11D0-8D11-00A0C91BC942}") = "MyCpp.ConsoleInput", "MyCpp.ConsoleInput\MyCpp.ConsoleInput.vcxproj", "{ED4C6EF5-C10E-4343-A454-C9E8ABCC793D}"
EndProject
Global
	GlobalSection(SolutionConfigurationPlatforms) = preSolution
		Debug|x64 = Debug|x64
		Debug|x86 = Debug|x86
		Release|x64 = Release|x64
		Release|x86 = Release|x86
	EndGlobalSection
	GlobalSection(ProjectConfigurationPlatforms) = postSolution
		{3867DFA4-C146-4B7D-9F99-9BFB59E6A928}.Debug|x64.ActiveCfg = Debug|x64
		{3867DFA4-C146-4B7D-9F99-9BFB59E6A928}.Debug|x64.Build.0 = Debug|x64
		{3867DFA4-C146-4B7D-9F99-9BFB59E6A928}.Debug|x86.ActiveCfg = Debug|Win32
		{3867DFA4-C146-4B7D-9F99-9BFB59E6A928}.Debug|x86.Build.0 = Debug|Win32
		{3867DFA4-C146-4B7D-9F99-9BFB59E6A928}.Release|x64.ActiveCfg = Release|x64
		{3867DFA4-C146-4B7D-9F99-9BFB59E6A928}.Release|x64.Build.0 = Release|x64
		{3867DFA4-C146-4B7D-9F99-9BFB59E6A928}.Release|x86.ActiveCfg = Release|Win32
		{3867DFA4-C146-4B7D-9F99-9BFB59E6A928}.Release|x86.Build.0 = Release|Win32
		{E0AC44F5-B9D3-4899-9930-E56A003F4F96}.Debug|x64.ActiveCfg = Debug|x64
		{E0AC44F5-B9D3-4899-9930-E56A003F4F96}.Debug|x64.Build.0 = Debug|x64
		{E0AC44F5-B9D3-4899-9930-E56A003F4F96}.Debug|x86.ActiveCfg = Debug|Win32
		{E0AC44F5-B9D3-4899-9930-E56A003F4F96}.Debug|x86.Build.0 = Debug|Win32
		{E0AC44F5-B9D3-4899-9930-E56A003F4F96}.Release|x64.ActiveCfg = Release|x64
		{E0AC44F5-B9D3-4899-9930-E56A003F4F96}.Release|x64.Build.0 = Release|x64
		{E0AC44F5-B9D3-4899-9930-E56A003F4F96}.Release|x86.ActiveCfg = Release|Win32
		{E0AC44F5-B9D3-4899-9930-E56A003F4F96}.Release|x86.Build.0 = Release|Win32
		{FB5ABD40-F97D-43F3-A710-C17E9780FA32}.Debug|x64.ActiveCfg = Debug|x64
		{FB5ABD40-F97D-43F3-A710-C17E9780FA32}.Debug|x64.Build.0 = Debug|x64
		{FB5ABD40-F97D-43F3-A710-C17E9780FA32}.Debug|x86.ActiveCfg = Debug|Win32
		{FB5ABD40-F97D-43F3-A710-C17E9780FA32}.Debug|x86.Build.0 = Debug|Win32
		{FB5ABD40-F97D-43F3-A710-C17E9780FA32}.Release|x64.ActiveCfg = Release|x64
		{FB5ABD40-F97D-43F3-A710-C17E9780FA32}.Release|x64.Build.0 = Release|x64
		{FB5ABD40-F97D-43F3-A710-C17E9780FA32}.Release|x86.ActiveCfg = Release|Win32
		{FB5ABD40-F97D-43F3-A710-C17E9780FA32}.Release|x86.Build.0 = Release|Win32
		{2EC42422-A433-4D8F-87CA-88D9CC01C7B8}.Debug|x64.ActiveCfg = Debug|x64
		{2EC42422-A433-4D8F-87CA-88D9CC01C7B8}.Debug|x64.Build.0 = Debug|x64
		{2EC42422-A433-4D8F-87CA-88D9CC01C7B8}.Debug|x86.ActiveCfg = Debug|Win32
		{2EC42422-A433-4D8F-87CA-88D9CC01C7B8}.Debug|x86.Build.0 = Debug|Win32
		{2EC42422-A433-4D8F-87CA-88D9CC01C7B8}.Release|x64.ActiveCfg = Release|x64
		{2EC42422-A433-4D8F-87CA-88D9CC01C7B8}.Release|x64.Build.0 = Release|x64
		{2EC42422-A433-4D8F-87CA-88D9CC01C7B8}.Release|x86.ActiveCfg = Release|Win32
		{2EC42422-A433-4D8F-87CA-88D9CC01C7B8}.Release|x86.Build.0 = Release|Win32
		{ED4C6EF5-C10E-4343-A454-C9E8ABCC793D}.Debug|x64.ActiveCfg = Debug|x64
		{ED4C6EF5-C10E-4343-A454-C9E8ABCC793D}.Debug|x64.Build.0 = Debug|x64
		{ED4C6EF5-C10E-4343-A454-C9E8ABCC793D}.Debug|x86.ActiveCfg = Debug|Win32
		{ED4C6EF5-C10E-4343-A454-C9E8ABCC793D}.Debug|x86.Build.0 = Debug|Win32
		{ED4C6EF5-C10E-4343-A454-C9E8ABCC793D}.Release|x64.ActiveCfg = Release|x64
		{ED4C6EF5-C10E-4343-A454-C9E8ABCC793D}.Release|x64.Build.0 = Release|x64
		{ED4C6EF5-C10E-4343-A454-C9E8ABCC793D}.Release|x86.ActiveCfg = Release|Win32
		{ED4C6EF5-C10E-4343-A454-C9E8ABCC793D}.Release|x86.Build.0 = Release|Win32
	EndGlobalSection
	GlobalSection(SolutionProperties) = preSolution
		HideSolutionNode = FALSE
	EndGlobalSection
EndGlobal
